{
  "nodes": {
    "brew-src": {
      "flake": false,
      "locked": {
        "lastModified": 1758543057,
        "narHash": "sha256-lw3V2jOGYphUFHYQ5oARcb6urlbNpUCLJy1qhsGdUmc=",
        "owner": "Homebrew",
        "repo": "brew",
        "rev": "5b236456eb93133c2bd0d60ef35ed63f1c0712f6",
        "type": "github"
      },
      "original": {
        "owner": "Homebrew",
        "ref": "4.6.12",
        "repo": "brew",
        "type": "github"
      }
    },
    "cornelis": {
      "inputs": {
        "flake-compat": "flake-compat",
        "flake-utils": "flake-utils",
        "nixpkgs": [
          "nixpkgs"
        ]
      },
      "locked": {
        "lastModified": 1729782952,
        "narHash": "sha256-7/oyw8sG7nW0jzoJsSc7cefGjkUr+Ze4YxnAwc9Y+Yk=",
        "owner": "isovector",
        "repo": "cornelis",
        "rev": "41b7d5ef1d1248f6a00fbd5ab798bf42ef189af0",
        "type": "github"
      },
      "original": {
        "owner": "isovector",
        "repo": "cornelis",
        "type": "github"
      }
    },
    "disko": {
      "inputs": {
        "nixpkgs": [
          "nixpkgs"
        ]
      },
      "locked": {
        "lastModified": 1724349583,
        "narHash": "sha256-zgB1Cfk46irIsto8666yLdKjqKdBrjR48Dd3lhQ0CnQ=",
        "owner": "nix-community",
        "repo": "disko",
        "rev": "435737144be0259559ca3b43f7d72252b1fdcc1b",
        "type": "github"
      },
      "original": {
        "owner": "nix-community",
        "repo": "disko",
        "type": "github"
      }
    },
    "donq": {
      "inputs": {
        "flake-utils": "flake-utils_2",
        "nixpkgs": "nixpkgs"
      },
      "locked": {
        "lastModified": 1730369296,
        "narHash": "sha256-50E4W94Nyd60veVrpMyuxjF8DVYjYwby9DZ3BhuoDxY=",
        "owner": "donq-io",
        "repo": "donq_nix-workstations",
        "rev": "7e366094e5bb5bd87da639df7801b216d67d80ea",
        "type": "github"
      },
      "original": {
        "owner": "donq-io",
        "ref": "alt",
        "repo": "donq_nix-workstations",
        "type": "github"
      }
    },
    "flake-compat": {
      "flake": false,
      "locked": {
        "lastModified": 1696426674,
        "narHash": "sha256-kvjfFW7WAETZlt09AgDn1MrtKzP7t90Vf7vypd3OL1U=",
        "owner": "edolstra",
        "repo": "flake-compat",
        "rev": "0f9255e01c2351cc7d116c072cb317785dd33b33",
        "type": "github"
      },
      "original": {
        "owner": "edolstra",
        "repo": "flake-compat",
        "type": "github"
      }
    },
    "flake-utils": {
      "inputs": {
        "systems": "systems"
      },
      "locked": {
        "lastModified": 1710146030,
        "narHash": "sha256-SZ5L6eA7HJ/nmkzGG7/ISclqe6oZdOZTNoesiInkXPQ=",
        "owner": "numtide",
        "repo": "flake-utils",
        "rev": "b1d9ab70662946ef0850d488da1c9019f3a9752a",
        "type": "github"
      },
      "original": {
        "owner": "numtide",
        "repo": "flake-utils",
        "type": "github"
      }
    },
    "flake-utils_2": {
      "inputs": {
        "systems": "systems_2"
      },
      "locked": {
        "lastModified": 1726560853,
        "narHash": "sha256-X6rJYSESBVr3hBoH0WbKE5KvhPU5bloyZ2L4K60/fPQ=",
        "owner": "numtide",
        "repo": "flake-utils",
        "rev": "c1dfcf08411b08f6b8615f7d8971a2bfa81d5e8a",
        "type": "github"
      },
      "original": {
        "owner": "numtide",
        "repo": "flake-utils",
        "type": "github"
      }
    },
    "home-manager": {
      "inputs": {
        "nixpkgs": [
          "nixpkgs"
        ]
      },
      "locked": {
        "lastModified": 1758463745,
        "narHash": "sha256-uhzsV0Q0I9j2y/rfweWeGif5AWe0MGrgZ/3TjpDYdGA=",
        "owner": "nix-community",
        "repo": "home-manager",
        "rev": "3b955f5f0a942f9f60cdc9cacb7844335d0f21c3",
        "type": "github"
      },
      "original": {
        "owner": "nix-community",
        "ref": "release-25.05",
        "repo": "home-manager",
        "type": "github"
      }
    },
    "homebrew-bundle": {
      "flake": false,
      "locked": {
        "lastModified": 1724430000,
        "narHash": "sha256-NkO/RPNAlAl4b8HiaIMJJLQRPIPKoN86jPwl283+whk=",
        "owner": "homebrew",
        "repo": "homebrew-bundle",
        "rev": "88ecf2f0f8fe496c2f8994df4d820dd791aea69a",
        "type": "github"
      },
      "original": {
        "owner": "homebrew",
        "repo": "homebrew-bundle",
        "type": "github"
      }
    },
    "homebrew-cask": {
      "flake": false,
      "locked": {
        "lastModified": 1724600542,
        "narHash": "sha256-3RR9RFXmjISXFMTKmw/0bTOAGJbwDXwyZ9drRl64kn4=",
        "owner": "homebrew",
        "repo": "homebrew-cask",
        "rev": "895315defdd48865147380f414f1fa24b9dd4aea",
        "type": "github"
      },
      "original": {
        "owner": "homebrew",
        "repo": "homebrew-cask",
        "type": "github"
      }
    },
    "homebrew-core": {
      "flake": false,
      "locked": {
        "lastModified": 1724598249,
        "narHash": "sha256-+qwJwI3Cs6YsxbC0SPtE6stOtWuaqGI7hnkE2W1XNyE=",
        "owner": "homebrew",
        "repo": "homebrew-core",
        "rev": "c59ae4441263d39b83020f26e7a899d9fc4c3f56",
        "type": "github"
      },
      "original": {
        "owner": "homebrew",
        "repo": "homebrew-core",
        "type": "github"
      }
    },
    "nix-darwin": {
      "inputs": {
        "nixpkgs": [
          "nixpkgs"
        ]
      },
      "locked": {
        "lastModified": 1757432263,
        "narHash": "sha256-qHn+/0+IOz5cG68BZUwL9BV3EO/e9eNKCjH3+N7wMdI=",
        "owner": "nix-darwin",
        "repo": "nix-darwin",
        "rev": "1fef4404de4d1596aa5ab2bd68078370e1b9dcdb",
        "type": "github"
      },
      "original": {
        "owner": "nix-darwin",
        "ref": "nix-darwin-25.05",
        "repo": "nix-darwin",
        "type": "github"
      }
    },
    "nix-homebrew": {
      "inputs": {
        "brew-src": "brew-src"
      },
      "locked": {
        "lastModified": 1758598228,
        "narHash": "sha256-qr60maXGbZ4FX5tejPRI3nr0bnRTnZ3AbbbfO6/6jq4=",
        "owner": "zhaofengli",
        "repo": "nix-homebrew",
        "rev": "f36e5db56e117f7df701ab152d0d2036ea85218c",
        "type": "github"
      },
      "original": {
        "owner": "zhaofengli",
        "repo": "nix-homebrew",
        "type": "github"
      }
    },
    "nixpkgs": {
      "locked": {
        "lastModified": 1724316499,
        "narHash": "sha256-Qb9MhKBUTCfWg/wqqaxt89Xfi6qTD3XpTzQ9eXi3JmE=",
        "owner": "NixOS",
        "repo": "nixpkgs",
        "rev": "797f7dc49e0bc7fab4b57c021cdf68f595e47841",
        "type": "github"
      },
      "original": {
        "owner": "NixOS",
        "ref": "nixos-24.05",
        "repo": "nixpkgs",
        "type": "github"
      }
    },
    "nixpkgs-unstable": {
      "locked": {
        "lastModified": 1758690382,
        "narHash": "sha256-NY3kSorgqE5LMm1LqNwGne3ZLMF2/ILgLpFr1fS4X3o=",
        "owner": "NixOS",
        "repo": "nixpkgs",
        "rev": "e643668fd71b949c53f8626614b21ff71a07379d",
        "type": "github"
      },
      "original": {
        "owner": "NixOS",
        "ref": "nixos-unstable",
        "repo": "nixpkgs",
        "type": "github"
      }
    },
    "nixpkgs_2": {
      "locked": {
        "lastModified": 1758730446,
        "narHash": "sha256-Nv7AIiy9cakHQ4hcoQO2bbV6k0zDKAaoftK2FIYsECM=",
        "owner": "NixOS",
        "repo": "nixpkgs",
        "rev": "b5d84e5b26d74be4bd806161af0878251342c65a",
        "type": "github"
      },
      "original": {
        "owner": "NixOS",
        "ref": "nixpkgs-25.05-darwin",
        "repo": "nixpkgs",
        "type": "github"
      }
    },
    "root": {
      "inputs": {
        "cornelis": "cornelis",
        "disko": "disko",
        "donq": "donq",
        "home-manager": "home-manager",
        "homebrew-bundle": "homebrew-bundle",
        "homebrew-cask": "homebrew-cask",
        "homebrew-core": "homebrew-core",
        "nix-darwin": "nix-darwin",
        "nix-homebrew": "nix-homebrew",
        "nixpkgs": "nixpkgs_2",
        "nixpkgs-unstable": "nixpkgs-unstable"
      }
    },
    "systems": {
      "locked": {
        "lastModified": 1681028828,
        "narHash": "sha256-Vy1rq5AaRuLzOxct8nz4T6wlgyUR7zLU309k9mBC768=",
        "owner": "nix-systems",
        "repo": "default",
        "rev": "da67096a3b9bf56a91d16901293e51ba5b49a27e",
        "type": "github"
      },
      "original": {
        "owner": "nix-systems",
        "repo": "default",
        "type": "github"
      }
    },
    "systems_2": {
      "locked": {
        "lastModified": 1681028828,
        "narHash": "sha256-Vy1rq5AaRuLzOxct8nz4T6wlgyUR7zLU309k9mBC768=",
        "owner": "nix-systems",
        "repo": "default",
        "rev": "da67096a3b9bf56a91d16901293e51ba5b49a27e",
        "type": "github"
      },
      "original": {
        "owner": "nix-systems",
        "repo": "default",
        "type": "github"
      }
    }
  },
  "root": "root",
  "version": 7
}
